
Microsoft Visual Studio Solution File, Format Version 12.00
# Visual Studio Version 16
VisualStudioVersion = 16.0.31205.134
MinimumVisualStudioVersion = 10.0.40219.1
Project("{9A19103F-16F7-4668-BE54-9A1E7A4F7556}") = "Restaurant", "Restaurant\Restaurant.csproj", "{52380DBC-B2D4-464F-A7E3-939DA9DEACF2}"
EndProject
Project("{FAE04EC0-301F-11D3-BF4B-00C04F79EFBC}") = "Restaurant.Business", "Restaurant.Business\Restaurant.Business.csproj", "{9CFF8986-CB1C-46F0-8CEA-02047C2D3872}"
EndProject
Project("{FAE04EC0-301F-11D3-BF4B-00C04F79EFBC}") = "Restaurant.Database", "Restaurant.Database\Restaurant.Database.csproj", "{00AB195C-43A7-4709-AE2F-800BF465C9A6}"
EndProject
Project("{FAE04EC0-301F-11D3-BF4B-00C04F79EFBC}") = "Restaurant.Test", "Restaurant.Test\Restaurant.Test.csproj", "{24CF494A-8746-49BC-BE65-DB4355CDFC99}"
EndProject
Global
	GlobalSection(SolutionConfigurationPlatforms) = preSolution
		Debug|Any CPU = Debug|Any CPU
		Release|Any CPU = Release|Any CPU
	EndGlobalSection
	GlobalSection(ProjectConfigurationPlatforms) = postSolution
		{52380DBC-B2D4-464F-A7E3-939DA9DEACF2}.Debug|Any CPU.ActiveCfg = Debug|Any CPU
		{52380DBC-B2D4-464F-A7E3-939DA9DEACF2}.Debug|Any CPU.Build.0 = Debug|Any CPU
		{52380DBC-B2D4-464F-A7E3-939DA9DEACF2}.Release|Any CPU.ActiveCfg = Release|Any CPU
		{52380DBC-B2D4-464F-A7E3-939DA9DEACF2}.Release|Any CPU.Build.0 = Release|Any CPU
		{9CFF8986-CB1C-46F0-8CEA-02047C2D3872}.Debug|Any CPU.ActiveCfg = Debug|Any CPU
		{9CFF8986-CB1C-46F0-8CEA-02047C2D3872}.Debug|Any CPU.Build.0 = Debug|Any CPU
		{9CFF8986-CB1C-46F0-8CEA-02047C2D3872}.Release|Any CPU.ActiveCfg = Release|Any CPU
		{9CFF8986-CB1C-46F0-8CEA-02047C2D3872}.Release|Any CPU.Build.0 = Release|Any CPU
		{00AB195C-43A7-4709-AE2F-800BF465C9A6}.Debug|Any CPU.ActiveCfg = Debug|Any CPU
		{00AB195C-43A7-4709-AE2F-800BF465C9A6}.Debug|Any CPU.Build.0 = Debug|Any CPU
		{00AB195C-43A7-4709-AE2F-800BF465C9A6}.Release|Any CPU.ActiveCfg = Release|Any CPU
		{00AB195C-43A7-4709-AE2F-800BF465C9A6}.Release|Any CPU.Build.0 = Release|Any CPU
		{24CF494A-8746-49BC-BE65-DB4355CDFC99}.Debug|Any CPU.ActiveCfg = Debug|Any CPU
		{24CF494A-8746-49BC-BE65-DB4355CDFC99}.Debug|Any CPU.Build.0 = Debug|Any CPU
		{24CF494A-8746-49BC-BE65-DB4355CDFC99}.Release|Any CPU.ActiveCfg = Release|Any CPU
		{24CF494A-8746-49BC-BE65-DB4355CDFC99}.Release|Any CPU.Build.0 = Release|Any CPU
	EndGlobalSection
	GlobalSection(SolutionProperties) = preSolution
		HideSolutionNode = FALSE
	EndGlobalSection
	GlobalSection(ExtensibilityGlobals) = postSolution
		SolutionGuid = {0E13AF12-78CE-485E-BA0F-A7084A59896F}
	EndGlobalSection
EndGlobal
